
Microsoft Visual Studio Solution File, Format Version 12.00
# Visual Studio Version 17
VisualStudioVersion = 17.10.35004.147
MinimumVisualStudioVersion = 10.0.40219.1
Project("{FAE04EC0-301F-11D3-BF4B-00C04F79EFBC}") = "IntersectableSubwaySystem", "IntersectableSubwaySystem.csproj", "{32168495-B375-487B-B198-45CCACCD09DB}"
EndProject
Global
	GlobalSection(SolutionConfigurationPlatforms) = preSolution
		Debug|Any CPU = Debug|Any CPU
		Release|Any CPU = Release|Any CPU
	EndGlobalSection
	GlobalSection(ProjectConfigurationPlatforms) = postSolution
		{32168495-B375-487B-B198-45CCACCD09DB}.Debug|Any CPU.ActiveCfg = Debug|Any CPU
		{32168495-B375-487B-B198-45CCACCD09DB}.Debug|Any CPU.Build.0 = Debug|Any CPU
		{32168495-B375-487B-B198-45CCACCD09DB}.Release|Any CPU.ActiveCfg = Release|Any CPU
		{32168495-B375-487B-B198-45CCACCD09DB}.Release|Any CPU.Build.0 = Release|Any CPU
	EndGlobalSection
	GlobalSection(SolutionProperties) = preSolution
		HideSolutionNode = FALSE
	EndGlobalSection
	GlobalSection(ExtensibilityGlobals) = postSolution
		SolutionGuid = {965F4F85-48A2-4665-8933-B1850FDDC288}
	EndGlobalSection
EndGlobal
